
Microsoft Visual Studio Solution File, Format Version 12.00
# Visual Studio Version 17
VisualStudioVersion = 17.11.35312.102
MinimumVisualStudioVersion = 10.0.40219.1
Project("{FAE04EC0-301F-11D3-BF4B-00C04F79EFBC}") = "studProgApp", "studProgApp\studProgApp.csproj", "{11953181-26E8-43A8-B596-C3BE5149D5E7}"
EndProject
Global
	GlobalSection(SolutionConfigurationPlatforms) = preSolution
		Debug|Any CPU = Debug|Any CPU
		Release|Any CPU = Release|Any CPU
	EndGlobalSection
	GlobalSection(ProjectConfigurationPlatforms) = postSolution
		{11953181-26E8-43A8-B596-C3BE5149D5E7}.Debug|Any CPU.ActiveCfg = Debug|Any CPU
		{11953181-26E8-43A8-B596-C3BE5149D5E7}.Debug|Any CPU.Build.0 = Debug|Any CPU
		{11953181-26E8-43A8-B596-C3BE5149D5E7}.Debug|Any CPU.Deploy.0 = Debug|Any CPU
		{11953181-26E8-43A8-B596-C3BE5149D5E7}.Release|Any CPU.ActiveCfg = Release|Any CPU
		{11953181-26E8-43A8-B596-C3BE5149D5E7}.Release|Any CPU.Build.0 = Release|Any CPU
		{11953181-26E8-43A8-B596-C3BE5149D5E7}.Release|Any CPU.Deploy.0 = Release|Any CPU
	EndGlobalSection
	GlobalSection(SolutionProperties) = preSolution
		HideSolutionNode = FALSE
	EndGlobalSection
	GlobalSection(ExtensibilityGlobals) = postSolution
		SolutionGuid = {51A3650E-99B3-48BD-86C9-88B21D0842FD}
	EndGlobalSection
EndGlobal
